
Microsoft Visual Studio Solution File, Format Version 12.00
# Visual Studio Version 16
VisualStudioVersion = 16.0.30907.101
MinimumVisualStudioVersion = 10.0.40219.1
Project("{FAE04EC0-301F-11D3-BF4B-00C04F79EFBC}") = "PtG-converter", "PtG-converter.csproj", "{210FFF9F-85C2-4BE8-9C0F-46D9BD0EC1FD}"
EndProject
Global
	GlobalSection(SolutionConfigurationPlatforms) = preSolution
		Debug|Any CPU = Debug|Any CPU
		Release|Any CPU = Release|Any CPU
	EndGlobalSection
	GlobalSection(ProjectConfigurationPlatforms) = postSolution
		{210FFF9F-85C2-4BE8-9C0F-46D9BD0EC1FD}.Debug|Any CPU.ActiveCfg = Debug|Any CPU
		{210FFF9F-85C2-4BE8-9C0F-46D9BD0EC1FD}.Debug|Any CPU.Build.0 = Debug|Any CPU
		{210FFF9F-85C2-4BE8-9C0F-46D9BD0EC1FD}.Release|Any CPU.ActiveCfg = Release|Any CPU
		{210FFF9F-85C2-4BE8-9C0F-46D9BD0EC1FD}.Release|Any CPU.Build.0 = Release|Any CPU
	EndGlobalSection
	GlobalSection(SolutionProperties) = preSolution
		HideSolutionNode = FALSE
	EndGlobalSection
	GlobalSection(ExtensibilityGlobals) = postSolution
		SolutionGuid = {00EFBC2E-436C-4B80-B836-B45B5475071C}
	EndGlobalSection
EndGlobal
